{
    "_readme": [
        "This file locks the dependencies of your project to a known state",
        "Read more about it at https://getcomposer.org/doc/01-basic-usage.md#installing-dependencies",
        "This file is @generated automatically"
    ],
    "content-hash": "da465354238f955e8fa9c4807b65af22",
    "packages": [
        {
            "name": "cmb2/cmb2",
            "version": "v2.10.1",
            "source": {
                "type": "git",
                "url": "https://github.com/CMB2/CMB2.git",
                "reference": "4afc4bb7b92ab6d93aac2247c9a84af773e42532"
            },
            "dist": {
                "type": "zip",
                "url": "https://api.github.com/repos/CMB2/CMB2/zipball/4afc4bb7b92ab6d93aac2247c9a84af773e42532",
                "reference": "4afc4bb7b92ab6d93aac2247c9a84af773e42532",
                "shasum": ""
            },
            "require": {
                "php": ">5.2.4"
            },
            "require-dev": {
                "apigen/apigen": "4.1.2",
                "awesomemotive/am-cli-tools": ">=1.3.1",
                "nette/utils": "2.5.3",
                "phpunit/phpunit": "^6.5",
                "yoast/phpunit-polyfills": "^1.0"
            },
            "suggest": {
                "composer/installers": "~1.0"
            },
            "type": "wordpress-plugin",
            "notification-url": "https://packagist.org/downloads/",
            "license": [
                "GPL-2.0-or-later"
            ],
            "authors": [
                {
                    "name": "Justin Sternberg",
                    "email": "justin@dsgnwrks.pro",
                    "homepage": "https://dsgnwrks.pro",
                    "role": "Developer"
                },
                {
                    "name": "WebDevStudios",
                    "email": "contact@webdevstudios.com",
                    "homepage": "https://github.com/WebDevStudios",
                    "role": "Developer"
                }
            ],
            "description": "CMB2 is a metabox, custom fields, and forms library for WordPress that will blow your mind.",
            "homepage": "https://github.com/CMB2/CMB2",
            "keywords": [
                "metabox",
                "plugin",
                "wordpress"
            ],
            "support": {
                "issues": "https://github.com/CMB2/CMB2/issues",
                "source": "http://wordpress.org/support/plugin/cmb2"
            },
            "time": "2022-02-22T14:15:16+00:00"
        },
        {
            "name": "composer/installers",
            "version": "v1.12.0",
            "source": {
                "type": "git",
                "url": "https://github.com/composer/installers.git",
                "reference": "d20a64ed3c94748397ff5973488761b22f6d3f19"
            },
            "dist": {
                "type": "zip",
                "url": "https://api.github.com/repos/composer/installers/zipball/d20a64ed3c94748397ff5973488761b22f6d3f19",
                "reference": "d20a64ed3c94748397ff5973488761b22f6d3f19",
                "shasum": ""
            },
            "require": {
                "composer-plugin-api": "^1.0 || ^2.0"
            },
            "replace": {
                "roundcube/plugin-installer": "*",
                "shama/baton": "*"
            },
            "require-dev": {
                "composer/composer": "1.6.* || ^2.0",
                "composer/semver": "^1 || ^3",
                "phpstan/phpstan": "^0.12.55",
                "phpstan/phpstan-phpunit": "^0.12.16",
                "symfony/phpunit-bridge": "^4.2 || ^5",
                "symfony/process": "^2.3"
            },
            "type": "composer-plugin",
            "extra": {
                "class": "Composer\\Installers\\Plugin",
                "branch-alias": {
                    "dev-main": "1.x-dev"
                }
            },
            "autoload": {
                "psr-4": {
                    "Composer\\Installers\\": "src/Composer/Installers"
                }
            },
            "notification-url": "https://packagist.org/downloads/",
            "license": [
                "MIT"
            ],
            "authors": [
                {
                    "name": "Kyle Robinson Young",
                    "email": "kyle@dontkry.com",
                    "homepage": "https://github.com/shama"
                }
            ],
            "description": "A multi-framework Composer library installer",
            "homepage": "https://composer.github.io/installers/",
            "keywords": [
                "Craft",
                "Dolibarr",
                "Eliasis",
                "Hurad",
                "ImageCMS",
                "Kanboard",
                "Lan Management System",
                "MODX Evo",
                "MantisBT",
                "Mautic",
                "Maya",
                "OXID",
                "Plentymarkets",
                "Porto",
                "RadPHP",
                "SMF",
                "Starbug",
                "Thelia",
                "Whmcs",
                "WolfCMS",
                "agl",
                "aimeos",
                "annotatecms",
                "attogram",
                "bitrix",
                "cakephp",
                "chef",
                "cockpit",
                "codeigniter",
                "concrete5",
                "croogo",
                "dokuwiki",
                "drupal",
                "eZ Platform",
                "elgg",
                "expressionengine",
                "fuelphp",
                "grav",
                "installer",
                "itop",
                "joomla",
                "known",
                "kohana",
                "laravel",
                "lavalite",
                "lithium",
                "magento",
                "majima",
                "mako",
                "mediawiki",
                "miaoxing",
                "modulework",
                "modx",
                "moodle",
                "osclass",
                "pantheon",
                "phpbb",
                "piwik",
                "ppi",
                "processwire",
                "puppet",
                "pxcms",
                "reindex",
                "roundcube",
                "shopware",
                "silverstripe",
                "sydes",
                "sylius",
                "symfony",
                "tastyigniter",
                "typo3",
                "wordpress",
                "yawik",
                "zend",
                "zikula"
            ],
            "support": {
                "issues": "https://github.com/composer/installers/issues",
                "source": "https://github.com/composer/installers/tree/v1.12.0"
            },
            "funding": [
                {
                    "url": "https://packagist.com",
                    "type": "custom"
                },
                {
                    "url": "https://github.com/composer",
                    "type": "github"
                },
                {
                    "url": "https://tidelift.com/funding/github/packagist/composer/composer",
                    "type": "tidelift"
                }
            ],
            "time": "2021-09-13T08:19:44+00:00"
        },
        {
            "name": "micropackage/internationalization",
            "version": "1.0.2",
            "source": {
                "type": "git",
                "url": "https://github.com/micropackage/internationalization.git",
                "reference": "cb140d4c4cbf9828bfcb20242b202517379381df"
            },
            "dist": {
                "type": "zip",
                "url": "https://api.github.com/repos/micropackage/internationalization/zipball/cb140d4c4cbf9828bfcb20242b202517379381df",
                "reference": "cb140d4c4cbf9828bfcb20242b202517379381df",
                "shasum": ""
            },
            "require": {
                "php": ">=5.6"
            },
            "require-dev": {
                "dealerdirect/phpcodesniffer-composer-installer": "^0.5.0",
                "phpcompatibility/php-compatibility": "^9.1",
                "wp-coding-standards/wpcs": "^2.0"
            },
            "type": "library",
            "autoload": {
                "psr-4": {
                    "Micropackage\\Internationalization\\": "src"
                }
            },
            "notification-url": "https://packagist.org/downloads/",
            "license": [
                "GPL-3.0-or-later"
            ],
            "authors": [
                {
                    "name": "Jakub Mikita",
                    "email": "jakub@bracketspace.com"
                }
            ],
            "description": "Internationalization (i18n) wrapper for WordPress plugins, themes or libraries",
            "support": {
                "issues": "https://github.com/micropackage/internationalization/issues",
                "source": "https://github.com/micropackage/internationalization/tree/1.0.2"
            },
            "time": "2023-06-23T08:54:05+00:00"
        },
        {
            "name": "micropackage/requirements",
            "version": "1.2.2",
            "source": {
                "type": "git",
                "url": "https://github.com/micropackage/requirements.git",
                "reference": "c2fa8c2df7cefa3c7016a6e0ad755b8bdc73f519"
            },
            "dist": {
                "type": "zip",
                "url": "https://api.github.com/repos/micropackage/requirements/zipball/c2fa8c2df7cefa3c7016a6e0ad755b8bdc73f519",
                "reference": "c2fa8c2df7cefa3c7016a6e0ad755b8bdc73f519",
                "shasum": ""
            },
            "require": {
                "micropackage/internationalization": "^1.0",
                "php": ">=5.6"
            },
            "require-dev": {
                "dealerdirect/phpcodesniffer-composer-installer": "^0.7.1",
                "php-mock/php-mock-phpunit": "^2.5",
                "phpcompatibility/php-compatibility": "^9.1",
                "phpunit/phpunit": "^6.5.5",
                "wp-coding-standards/wpcs": "^2.0"
            },
            "type": "library",
            "autoload": {
                "psr-4": {
                    "Micropackage\\Requirements\\": "src"
                }
            },
            "notification-url": "https://packagist.org/downloads/",
            "license": [
                "GPL-3.0-or-later"
            ],
            "authors": [
                {
                    "name": "Jakub Mikita",
                    "email": "jakub@bracketspace.com"
                }
            ],
            "description": "Requirements checker for WordPress plugins",
            "support": {
                "issues": "https://github.com/micropackage/requirements/issues",
                "source": "https://github.com/micropackage/requirements/tree/1.2.2"
            },
            "time": "2023-06-23T09:01:05+00:00"
        },
        {
            "name": "wpbp/template",
            "version": "1.0.4",
            "source": {
                "type": "git",
                "url": "https://github.com/WPBP/template.git",
                "reference": "ecebf01711233a614613a5d68843f5193784453a"
            },
            "dist": {
                "type": "zip",
                "url": "https://api.github.com/repos/WPBP/template/zipball/ecebf01711233a614613a5d68843f5193784453a",
                "reference": "ecebf01711233a614613a5d68843f5193784453a",
                "shasum": ""
            },
            "type": "library",
            "autoload": {
                "files": [
                    "template.php"
                ]
            },
            "notification-url": "https://packagist.org/downloads/",
            "license": [
                "GPL-3.0"
            ],
            "authors": [
                {
                    "name": "Daniele Scasciafratte",
                    "email": "mte90net@gmail.com",
                    "homepage": "http://mte90.net"
                }
            ],
            "description": "Load template files with autosearch and support for multilanguage folder for email template",
            "homepage": "https://github.com/WPBP/Template",
            "keywords": [
                "email",
                "template",
                "wordpress"
            ],
            "support": {
                "issues": "https://github.com/WPBP/template/issues",
                "source": "https://github.com/WPBP/template/tree/1.0.4"
            },
            "time": "2023-08-29T16:11:28+00:00"
        }
    ],
    "packages-dev": [
        {
            "name": "ergebnis/composer-normalize",
            "version": "2.41.1",
            "source": {
                "type": "git",
                "url": "https://github.com/ergebnis/composer-normalize.git",
                "reference": "01eb2d9b8623828ec2264f54d7782a25558d27b2"
            },
            "dist": {
                "type": "zip",
                "url": "https://api.github.com/repos/ergebnis/composer-normalize/zipball/01eb2d9b8623828ec2264f54d7782a25558d27b2",
                "reference": "01eb2d9b8623828ec2264f54d7782a25558d27b2",
                "shasum": ""
            },
            "require": {
                "composer-plugin-api": "^2.0.0",
                "ergebnis/json": "^1.1.0",
                "ergebnis/json-normalizer": "^4.4.1",
                "ergebnis/json-printer": "^3.4.0",
                "ext-json": "*",
                "justinrainbow/json-schema": "^5.2.12",
                "localheinz/diff": "^1.1.1",
                "php": "~8.1.0 || ~8.2.0 || ~8.3.0"
            },
            "require-dev": {
                "composer/composer": "^2.6.6",
                "ergebnis/license": "^2.4.0",
                "ergebnis/php-cs-fixer-config": "~6.14.0",
                "ergebnis/phpunit-slow-test-detector": "^2.7.0",
                "fakerphp/faker": "^1.23.0",
                "infection/infection": "~0.27.9",
                "phpunit/phpunit": "^10.5.3",
                "psalm/plugin-phpunit": "~0.18.4",
                "rector/rector": "~0.18.12",
                "roave/backward-compatibility-check": "^8.4.0",
                "symfony/filesystem": "^6.4.0",
                "vimeo/psalm": "^5.17.0"
            },
            "type": "composer-plugin",
            "extra": {
                "class": "Ergebnis\\Composer\\Normalize\\NormalizePlugin",
                "composer-normalize": {
                    "indent-size": 2,
                    "indent-style": "space"
                },
                "plugin-optional": true
            },
            "autoload": {
                "psr-4": {
                    "Ergebnis\\Composer\\Normalize\\": "src/"
                }
            },
            "notification-url": "https://packagist.org/downloads/",
            "license": [
                "MIT"
            ],
            "authors": [
                {
                    "name": "Andreas Möller",
                    "email": "am@localheinz.com",
                    "homepage": "https://localheinz.com"
                }
            ],
            "description": "Provides a composer plugin for normalizing composer.json.",
            "homepage": "https://github.com/ergebnis/composer-normalize",
            "keywords": [
                "composer",
                "normalize",
                "normalizer",
                "plugin"
            ],
            "support": {
                "issues": "https://github.com/ergebnis/composer-normalize/issues",
                "security": "https://github.com/ergebnis/composer-normalize/blob/main/.github/SECURITY.md",
                "source": "https://github.com/ergebnis/composer-normalize"
            },
            "time": "2023-12-14T09:37:52+00:00"
        },
        {
            "name": "ergebnis/json",
            "version": "1.1.0",
            "source": {
                "type": "git",
                "url": "https://github.com/ergebnis/json.git",
                "reference": "9f2b9086c43b189d7044a5b6215a931fb6e9125d"
            },
            "dist": {
                "type": "zip",
                "url": "https://api.github.com/repos/ergebnis/json/zipball/9f2b9086c43b189d7044a5b6215a931fb6e9125d",
                "reference": "9f2b9086c43b189d7044a5b6215a931fb6e9125d",
                "shasum": ""
            },
            "require": {
                "php": "~8.1.0 || ~8.2.0 || ~8.3.0"
            },
            "require-dev": {
                "ergebnis/composer-normalize": "^2.29.0",
                "ergebnis/data-provider": "^3.0.0",
                "ergebnis/license": "^2.2.0",
                "ergebnis/php-cs-fixer-config": "^6.6.0",
                "ergebnis/phpunit-slow-test-detector": "^2.3.0",
                "fakerphp/faker": "^1.23.0",
                "infection/infection": "~0.27.4",
                "phpunit/phpunit": "^10.4.1",
                "psalm/plugin-phpunit": "~0.18.4",
                "rector/rector": "~0.18.5",
                "vimeo/psalm": "^5.15.0"
            },
            "type": "library",
            "extra": {
                "composer-normalize": {
                    "indent-size": 2,
                    "indent-style": "space"
                }
            },
            "autoload": {
                "psr-4": {
                    "Ergebnis\\Json\\": "src/"
                }
            },
            "notification-url": "https://packagist.org/downloads/",
            "license": [
                "MIT"
            ],
            "authors": [
                {
                    "name": "Andreas Möller",
                    "email": "am@localheinz.com",
                    "homepage": "https://localheinz.com"
                }
            ],
            "description": "Provides a Json value object for representing a valid JSON string.",
            "homepage": "https://github.com/ergebnis/json",
            "keywords": [
                "json"
            ],
            "support": {
                "issues": "https://github.com/ergebnis/json/issues",
                "security": "https://github.com/ergebnis/json/blob/main/.github/SECURITY.md",
                "source": "https://github.com/ergebnis/json"
            },
            "time": "2023-10-10T07:57:48+00:00"
        },
        {
            "name": "ergebnis/json-normalizer",
            "version": "4.4.1",
            "source": {
                "type": "git",
                "url": "https://github.com/ergebnis/json-normalizer.git",
                "reference": "d28f36af9763ee6bc4e2a2390c0348963df7881b"
            },
            "dist": {
                "type": "zip",
                "url": "https://api.github.com/repos/ergebnis/json-normalizer/zipball/d28f36af9763ee6bc4e2a2390c0348963df7881b",
                "reference": "d28f36af9763ee6bc4e2a2390c0348963df7881b",
                "shasum": ""
            },
            "require": {
                "ergebnis/json": "^1.1.0",
                "ergebnis/json-pointer": "^3.2.0",
                "ergebnis/json-printer": "^3.4.0",
                "ergebnis/json-schema-validator": "^4.1.0",
                "ext-json": "*",
                "justinrainbow/json-schema": "^5.2.12",
                "php": "~8.1.0 || ~8.2.0 || ~8.3.0"
            },
            "require-dev": {
                "composer/semver": "^3.4.0",
                "ergebnis/data-provider": "^3.2.0",
                "ergebnis/license": "^2.4.0",
                "ergebnis/php-cs-fixer-config": "~6.14.0",
                "ergebnis/phpunit-slow-test-detector": "^2.7.0",
                "fakerphp/faker": "^1.23.0",
                "infection/infection": "~0.27.9",
                "phpunit/phpunit": "^10.5.3",
                "psalm/plugin-phpunit": "~0.18.4",
                "rector/rector": "~0.18.12",
                "roave/backward-compatibility-check": "^8.4.0",
                "symfony/filesystem": "^6.4.0",
                "symfony/finder": "^6.4.0",
                "vimeo/psalm": "^5.17.0"
            },
            "suggest": {
                "composer/semver": "If you want to use ComposerJsonNormalizer or VersionConstraintNormalizer"
            },
            "type": "library",
            "autoload": {
                "psr-4": {
                    "Ergebnis\\Json\\Normalizer\\": "src/"
                }
            },
            "notification-url": "https://packagist.org/downloads/",
            "license": [
                "MIT"
            ],
            "authors": [
                {
                    "name": "Andreas Möller",
                    "email": "am@localheinz.com",
                    "homepage": "https://localheinz.com"
                }
            ],
            "description": "Provides generic and vendor-specific normalizers for normalizing JSON documents.",
            "homepage": "https://github.com/ergebnis/json-normalizer",
            "keywords": [
                "json",
                "normalizer"
            ],
            "support": {
                "issues": "https://github.com/ergebnis/json-normalizer/issues",
                "security": "https://github.com/ergebnis/json-normalizer/blob/main/.github/SECURITY.md",
                "source": "https://github.com/ergebnis/json-normalizer"
            },
            "time": "2023-12-14T09:30:24+00:00"
        },
        {
            "name": "ergebnis/json-pointer",
            "version": "3.3.0",
            "source": {
                "type": "git",
                "url": "https://github.com/ergebnis/json-pointer.git",
                "reference": "8e517faefc06b7c761eaa041febef51a9375819a"
            },
            "dist": {
                "type": "zip",
                "url": "https://api.github.com/repos/ergebnis/json-pointer/zipball/8e517faefc06b7c761eaa041febef51a9375819a",
                "reference": "8e517faefc06b7c761eaa041febef51a9375819a",
                "shasum": ""
            },
            "require": {
                "php": "~8.1.0 || ~8.2.0 || ~8.3.0"
            },
            "require-dev": {
                "ergebnis/composer-normalize": "^2.29.0",
                "ergebnis/data-provider": "^3.0.0",
                "ergebnis/license": "^2.2.0",
                "ergebnis/php-cs-fixer-config": "~6.7.0",
                "ergebnis/phpunit-slow-test-detector": "^2.3.0",
                "fakerphp/faker": "^1.23.0",
                "infection/infection": "~0.27.4",
                "phpunit/phpunit": "^10.4.1",
                "psalm/plugin-phpunit": "~0.18.4",
                "rector/rector": "~0.18.5",
                "vimeo/psalm": "^5.15.0"
            },
            "type": "library",
            "extra": {
                "composer-normalize": {
                    "indent-size": 2,
                    "indent-style": "space"
                }
            },
            "autoload": {
                "psr-4": {
                    "Ergebnis\\Json\\Pointer\\": "src/"
                }
            },
            "notification-url": "https://packagist.org/downloads/",
            "license": [
                "MIT"
            ],
            "authors": [
                {
                    "name": "Andreas Möller",
                    "email": "am@localheinz.com",
                    "homepage": "https://localheinz.com"
                }
            ],
            "description": "Provides JSON pointer as a value object.",
            "homepage": "https://github.com/ergebnis/json-pointer",
            "keywords": [
                "RFC6901",
                "json",
                "pointer"
            ],
            "support": {
                "issues": "https://github.com/ergebnis/json-pointer/issues",
                "security": "https://github.com/ergebnis/json-pointer/blob/main/.github/SECURITY.md",
                "source": "https://github.com/ergebnis/json-pointer"
            },
            "time": "2023-10-10T14:41:06+00:00"
        },
        {
            "name": "ergebnis/json-printer",
            "version": "3.4.0",
            "source": {
                "type": "git",
                "url": "https://github.com/ergebnis/json-printer.git",
                "reference": "05841593d72499de4f7ce4034a237c77e470558f"
            },
            "dist": {
                "type": "zip",
                "url": "https://api.github.com/repos/ergebnis/json-printer/zipball/05841593d72499de4f7ce4034a237c77e470558f",
                "reference": "05841593d72499de4f7ce4034a237c77e470558f",
                "shasum": ""
            },
            "require": {
                "ext-json": "*",
                "ext-mbstring": "*",
                "php": "~8.1.0 || ~8.2.0 || ~8.3.0"
            },
            "require-dev": {
                "ergebnis/license": "^2.2.0",
                "ergebnis/php-cs-fixer-config": "^6.6.0",
                "ergebnis/phpunit-slow-test-detector": "^2.3.0",
                "fakerphp/faker": "^1.23.0",
                "infection/infection": "~0.27.3",
                "phpunit/phpunit": "^10.4.1",
                "psalm/plugin-phpunit": "~0.18.4",
                "rector/rector": "~0.18.5",
                "vimeo/psalm": "^5.15.0"
            },
            "type": "library",
            "autoload": {
                "psr-4": {
                    "Ergebnis\\Json\\Printer\\": "src/"
                }
            },
            "notification-url": "https://packagist.org/downloads/",
            "license": [
                "MIT"
            ],
            "authors": [
                {
                    "name": "Andreas Möller",
                    "email": "am@localheinz.com",
                    "homepage": "https://localheinz.com"
                }
            ],
            "description": "Provides a JSON printer, allowing for flexible indentation.",
            "homepage": "https://github.com/ergebnis/json-printer",
            "keywords": [
                "formatter",
                "json",
                "printer"
            ],
            "support": {
                "issues": "https://github.com/ergebnis/json-printer/issues",
                "security": "https://github.com/ergebnis/json-printer/blob/main/.github/SECURITY.md",
                "source": "https://github.com/ergebnis/json-printer"
            },
            "time": "2023-10-10T07:42:48+00:00"
        },
        {
            "name": "ergebnis/json-schema-validator",
            "version": "4.1.0",
            "source": {
                "type": "git",
                "url": "https://github.com/ergebnis/json-schema-validator.git",
                "reference": "d568ed85d1cdc2e49d650c2fc234dc2516f3f25b"
            },
            "dist": {
                "type": "zip",
                "url": "https://api.github.com/repos/ergebnis/json-schema-validator/zipball/d568ed85d1cdc2e49d650c2fc234dc2516f3f25b",
                "reference": "d568ed85d1cdc2e49d650c2fc234dc2516f3f25b",
                "shasum": ""
            },
            "require": {
                "ergebnis/json": "^1.0.1",
                "ergebnis/json-pointer": "^3.2.0",
                "ext-json": "*",
                "justinrainbow/json-schema": "^5.2.12",
                "php": "~8.1.0 || ~8.2.0 || ~8.3.0"
            },
            "require-dev": {
                "ergebnis/composer-normalize": "^2.21.0",
                "ergebnis/data-provider": "^3.0.0",
                "ergebnis/license": "^2.2.0",
                "ergebnis/php-cs-fixer-config": "~6.6.0",
                "ergebnis/phpunit-slow-test-detector": "^2.3.0",
                "fakerphp/faker": "^1.23.0",
                "infection/infection": "~0.27.4",
                "phpunit/phpunit": "^10.4.1",
                "psalm/plugin-phpunit": "~0.18.4",
                "rector/rector": "~0.18.5",
                "vimeo/psalm": "^5.15.0"
            },
            "type": "library",
            "extra": {
                "composer-normalize": {
                    "indent-size": 2,
                    "indent-style": "space"
                }
            },
            "autoload": {
                "psr-4": {
                    "Ergebnis\\Json\\SchemaValidator\\": "src/"
                }
            },
            "notification-url": "https://packagist.org/downloads/",
            "license": [
                "MIT"
            ],
            "authors": [
                {
                    "name": "Andreas Möller",
                    "email": "am@localheinz.com",
                    "homepage": "https://localheinz.com"
                }
            ],
            "description": "Provides a JSON schema validator, building on top of justinrainbow/json-schema.",
            "homepage": "https://github.com/ergebnis/json-schema-validator",
            "keywords": [
                "json",
                "schema",
                "validator"
            ],
            "support": {
                "issues": "https://github.com/ergebnis/json-schema-validator/issues",
                "security": "https://github.com/ergebnis/json-schema-validator/blob/main/.github/SECURITY.md",
                "source": "https://github.com/ergebnis/json-schema-validator"
            },
            "time": "2023-10-10T14:16:57+00:00"
        },
        {
            "name": "justinrainbow/json-schema",
            "version": "v5.2.13",
            "source": {
                "type": "git",
                "url": "https://github.com/justinrainbow/json-schema.git",
                "reference": "fbbe7e5d79f618997bc3332a6f49246036c45793"
            },
            "dist": {
                "type": "zip",
                "url": "https://api.github.com/repos/justinrainbow/json-schema/zipball/fbbe7e5d79f618997bc3332a6f49246036c45793",
                "reference": "fbbe7e5d79f618997bc3332a6f49246036c45793",
                "shasum": ""
            },
            "require": {
                "php": ">=5.3.3"
            },
            "require-dev": {
                "friendsofphp/php-cs-fixer": "~2.2.20||~2.15.1",
                "json-schema/json-schema-test-suite": "1.2.0",
                "phpunit/phpunit": "^4.8.35"
            },
            "bin": [
                "bin/validate-json"
            ],
            "type": "library",
            "extra": {
                "branch-alias": {
                    "dev-master": "5.0.x-dev"
                }
            },
            "autoload": {
                "psr-4": {
                    "JsonSchema\\": "src/JsonSchema/"
                }
            },
            "notification-url": "https://packagist.org/downloads/",
            "license": [
                "MIT"
            ],
            "authors": [
                {
                    "name": "Bruno Prieto Reis",
                    "email": "bruno.p.reis@gmail.com"
                },
                {
                    "name": "Justin Rainbow",
                    "email": "justin.rainbow@gmail.com"
                },
                {
                    "name": "Igor Wiedler",
                    "email": "igor@wiedler.ch"
                },
                {
                    "name": "Robert Schönthal",
                    "email": "seroscho@googlemail.com"
                }
            ],
            "description": "A library to validate a json schema.",
            "homepage": "https://github.com/justinrainbow/json-schema",
            "keywords": [
                "json",
                "schema"
            ],
            "support": {
                "issues": "https://github.com/justinrainbow/json-schema/issues",
                "source": "https://github.com/justinrainbow/json-schema/tree/v5.2.13"
            },
            "time": "2023-09-26T02:20:38+00:00"
        },
        {
            "name": "localheinz/diff",
            "version": "1.1.1",
            "source": {
                "type": "git",
                "url": "https://github.com/localheinz/diff.git",
                "reference": "851bb20ea8358c86f677f5f111c4ab031b1c764c"
            },
            "dist": {
                "type": "zip",
                "url": "https://api.github.com/repos/localheinz/diff/zipball/851bb20ea8358c86f677f5f111c4ab031b1c764c",
                "reference": "851bb20ea8358c86f677f5f111c4ab031b1c764c",
                "shasum": ""
            },
            "require": {
                "php": "^7.1 || ^8.0"
            },
            "require-dev": {
                "phpunit/phpunit": "^7.5 || ^8.0",
                "symfony/process": "^4.2 || ^5"
            },
            "type": "library",
            "autoload": {
                "classmap": [
                    "src/"
                ]
            },
            "notification-url": "https://packagist.org/downloads/",
            "license": [
                "BSD-3-Clause"
            ],
            "authors": [
                {
                    "name": "Sebastian Bergmann",
                    "email": "sebastian@phpunit.de"
                },
                {
                    "name": "Kore Nordmann",
                    "email": "mail@kore-nordmann.de"
                }
            ],
            "description": "Fork of sebastian/diff for use with ergebnis/composer-normalize",
            "homepage": "https://github.com/localheinz/diff",
            "keywords": [
                "diff",
                "udiff",
                "unidiff",
                "unified diff"
            ],
            "support": {
                "source": "https://github.com/localheinz/diff/tree/main"
            },
            "funding": [
                {
                    "url": "https://github.com/sebastianbergmann",
                    "type": "github"
                }
            ],
            "time": "2020-07-06T04:49:32+00:00"
        }
    ],
    "aliases": [],
    "minimum-stability": "dev",
    "stability-flags": [],
    "prefer-stable": true,
    "prefer-lowest": false,
    "platform": {
        "php": ">=7.0"
    },
    "platform-dev": [],
    "plugin-api-version": "2.6.0"
}
